
Microsoft Visual Studio Solution File, Format Version 12.00
# Visual Studio 2012
Project("{FAE04EC0-301F-11D3-BF4B-00C04F79EFBC}") = "BusinessLayer", "BusinessLayer\BusinessLayer.csproj", "{5EC1E103-F515-4188-B508-83EDD5BC2B35}"
EndProject
Project("{FAE04EC0-301F-11D3-BF4B-00C04F79EFBC}") = "DataAccessLayer", "DataAccessLayer\DataAccessLayer.csproj", "{92C30366-FF40-461B-AD1C-5B5078A9704D}"
EndProject
Project("{FAE04EC0-301F-11D3-BF4B-00C04F79EFBC}") = "IBusinessLayer", "IBusinessLayer\IBusinessLayer.csproj", "{8D139975-50DF-4BB7-BDD6-9AEA20B0CF21}"
EndProject
Project("{FAE04EC0-301F-11D3-BF4B-00C04F79EFBC}") = "IDAL", "IDAL\IDAL.csproj", "{417FF699-01E0-44F5-838A-AA8C36D60BD1}"
EndProject
Project("{FAE04EC0-301F-11D3-BF4B-00C04F79EFBC}") = "Test_3Tier", "Test_3Tier\Test_3Tier.csproj", "{E06F82F9-57B5-4834-AA46-8B4302A54122}"
EndProject
Global
	GlobalSection(SolutionConfigurationPlatforms) = preSolution
		Debug|Any CPU = Debug|Any CPU
		Release|Any CPU = Release|Any CPU
	EndGlobalSection
	GlobalSection(ProjectConfigurationPlatforms) = postSolution
		{5EC1E103-F515-4188-B508-83EDD5BC2B35}.Debug|Any CPU.ActiveCfg = Debug|Any CPU
		{5EC1E103-F515-4188-B508-83EDD5BC2B35}.Debug|Any CPU.Build.0 = Debug|Any CPU
		{5EC1E103-F515-4188-B508-83EDD5BC2B35}.Release|Any CPU.ActiveCfg = Release|Any CPU
		{5EC1E103-F515-4188-B508-83EDD5BC2B35}.Release|Any CPU.Build.0 = Release|Any CPU
		{92C30366-FF40-461B-AD1C-5B5078A9704D}.Debug|Any CPU.ActiveCfg = Debug|Any CPU
		{92C30366-FF40-461B-AD1C-5B5078A9704D}.Debug|Any CPU.Build.0 = Debug|Any CPU
		{92C30366-FF40-461B-AD1C-5B5078A9704D}.Release|Any CPU.ActiveCfg = Release|Any CPU
		{92C30366-FF40-461B-AD1C-5B5078A9704D}.Release|Any CPU.Build.0 = Release|Any CPU
		{8D139975-50DF-4BB7-BDD6-9AEA20B0CF21}.Debug|Any CPU.ActiveCfg = Debug|Any CPU
		{8D139975-50DF-4BB7-BDD6-9AEA20B0CF21}.Debug|Any CPU.Build.0 = Debug|Any CPU
		{8D139975-50DF-4BB7-BDD6-9AEA20B0CF21}.Release|Any CPU.ActiveCfg = Release|Any CPU
		{8D139975-50DF-4BB7-BDD6-9AEA20B0CF21}.Release|Any CPU.Build.0 = Release|Any CPU
		{417FF699-01E0-44F5-838A-AA8C36D60BD1}.Debug|Any CPU.ActiveCfg = Debug|Any CPU
		{417FF699-01E0-44F5-838A-AA8C36D60BD1}.Debug|Any CPU.Build.0 = Debug|Any CPU
		{417FF699-01E0-44F5-838A-AA8C36D60BD1}.Release|Any CPU.ActiveCfg = Release|Any CPU
		{417FF699-01E0-44F5-838A-AA8C36D60BD1}.Release|Any CPU.Build.0 = Release|Any CPU
		{E06F82F9-57B5-4834-AA46-8B4302A54122}.Debug|Any CPU.ActiveCfg = Debug|Any CPU
		{E06F82F9-57B5-4834-AA46-8B4302A54122}.Debug|Any CPU.Build.0 = Debug|Any CPU
		{E06F82F9-57B5-4834-AA46-8B4302A54122}.Release|Any CPU.ActiveCfg = Release|Any CPU
		{E06F82F9-57B5-4834-AA46-8B4302A54122}.Release|Any CPU.Build.0 = Release|Any CPU
	EndGlobalSection
	GlobalSection(SolutionProperties) = preSolution
		HideSolutionNode = FALSE
	EndGlobalSection
EndGlobal
